# @generated by Move, please check-in and do not edit manually.

[move]
version = 1
manifest_digest = "FDEF011D83E79B0BCFC5D2A15E77C1A2A91C30DB66155B653550093A0D149CFB"
deps_digest = "F8BBB0CCB2491CA29A3DF03D6F92277A4F3574266507ACD77214D37ECA3F3082"

dependencies = [
  { name = "Iota" },
]

[[move.package]]
name = "Iota"
source = { local = "../../../iota/crates/iota-framework/packages/iota-framework" }

dependencies = [
  { name = "MoveStdlib" },
]

[[move.package]]
name = "MoveStdlib"
source = { local = "../../../iota/crates/iota-framework/packages/move-stdlib" }

[move.toolchain-version]
compiler-version = "0.9.0-alpha"
edition = "2024.beta"
flavor = "iota"
