# @generated by Move, please check-in and do not edit manually.

[move]
version = 2
manifest_digest = "A8F7D216576B293253F06189972CA290672452634DE09C8213F7279CF742D29B"
deps_digest = "060AD7E57DFB13104F21BE5F5C3759D03F0553FC3229247D9A7A6B45F50D03A3"
dependencies = [
  { name = "Iota" },
  { name = "subdomains" },
  { name = "utils" },
]

[[move.package]]
name = "Iota"
source = { local = "../../../iota/crates/iota-framework/packages/iota-framework" }

dependencies = [
  { name = "MoveStdlib" },
]

[[move.package]]
name = "MoveStdlib"
source = { local = "../../../iota/crates/iota-framework/packages/move-stdlib" }

[[move.package]]
name = "denylist"
source = { local = "../denylist" }

dependencies = [
  { name = "Iota" },
  { name = "iotans" },
]

[[move.package]]
name = "iotans"
source = { local = "../iotans" }

dependencies = [
  { name = "Iota" },
]

[[move.package]]
name = "subdomains"
source = { local = "../subdomains" }

dependencies = [
  { name = "Iota" },
  { name = "denylist" },
  { name = "iotans" },
]

[[move.package]]
name = "utils"
source = { local = "../utils" }

dependencies = [
  { name = "Iota" },
  { name = "iotans" },
]

[move.toolchain-version]
compiler-version = "0.9.0-alpha"
edition = "2024.beta"
flavor = "iota"

[env]

[env.mainnet]
chain-id = "35834a8a"
original-published-id = "0xdacfd7c1176a68137b38a875d76a2f65d277596d2c632881931d926b16de2698"
latest-published-id = "0xdacfd7c1176a68137b38a875d76a2f65d277596d2c632881931d926b16de2698"
published-version = "1"

[env.testnet]
chain-id = "4c78adac"
original-published-id = "0xfd5ad004acbd5e3dd4fc0de4f1f1d465f8db5bb2ec1de63694ce6dc887fe1c89"
latest-published-id = "0xfd5ad004acbd5e3dd4fc0de4f1f1d465f8db5bb2ec1de63694ce6dc887fe1c89"
published-version = "1"
