# @generated by Move, please check-in and do not edit manually.

[move]
version = 3
manifest_digest = "EF823142EA5A28DFC6E94289E0091C95CAF289A10429185E0B51D3ED6232A2F7"
deps_digest = "3C4103934B1E040BB6B23F1D610B4EF9F2F1166A50A104EADCF77467C004C600"
dependencies = [
  { id = "Iota", name = "Iota" },
  { id = "iota_names", name = "iota_names" },
]

[[move.package]]
id = "Iota"
source = { git = "https://github.com/iotaledger/iota.git", rev = "framework/testnet", subdir = "crates/iota-framework/packages/iota-framework" }

dependencies = [
  { id = "MoveStdlib", name = "MoveStdlib" },
]

[[move.package]]
id = "MoveStdlib"
source = { git = "https://github.com/iotaledger/iota.git", rev = "framework/testnet", subdir = "crates/iota-framework/packages/move-stdlib" }

[[move.package]]
id = "iota_names"
source = { local = "../iota-names" }

dependencies = [
  { id = "Iota", name = "Iota" },
]

[move.toolchain-version]
compiler-version = "1.2.2-rc"
edition = "2024"
flavor = "iota"

[env]

[env.devnet]
chain-id = "e678123a"
original-published-id = "0x98b9b33b7c2347a8f4e8b8716fb4c7e6e1af846ec2ea063a47bba81ffe03b440"
latest-published-id = "0x98b9b33b7c2347a8f4e8b8716fb4c7e6e1af846ec2ea063a47bba81ffe03b440"
published-version = "1"
