# @generated by Move, please check-in and do not edit manually.

[move]
version = 3
manifest_digest = "11BCC34D4E73C371CD8985676E79D939A5867348D6F939638CD941953F56C344"
deps_digest = "397E6A9F7A624706DBDFEE056CE88391A15876868FD18A88504DA74EB458D697"
dependencies = [
  { id = "Iota", name = "Iota" },
  { id = "IotaSystem", name = "IotaSystem" },
  { id = "MoveStdlib", name = "MoveStdlib" },
  { id = "Stardust", name = "Stardust" },
  { id = "iota_names", name = "iota_names" },
]

[[move.package]]
id = "Iota"
source = { git = "https://github.com/iotaledger/iota.git", rev = "2544af4f4193cf0d67012a8fd20e7a401e8a8e2f", subdir = "crates/iota-framework/packages/iota-framework" }

dependencies = [
  { id = "MoveStdlib", name = "MoveStdlib" },
]

[[move.package]]
id = "IotaSystem"
source = { git = "https://github.com/iotaledger/iota.git", rev = "2544af4f4193cf0d67012a8fd20e7a401e8a8e2f", subdir = "crates/iota-framework/packages/iota-system" }

dependencies = [
  { id = "Iota", name = "Iota" },
  { id = "MoveStdlib", name = "MoveStdlib" },
]

[[move.package]]
id = "MoveStdlib"
source = { git = "https://github.com/iotaledger/iota.git", rev = "2544af4f4193cf0d67012a8fd20e7a401e8a8e2f", subdir = "crates/iota-framework/packages/move-stdlib" }

[[move.package]]
id = "Stardust"
source = { git = "https://github.com/iotaledger/iota.git", rev = "2544af4f4193cf0d67012a8fd20e7a401e8a8e2f", subdir = "crates/iota-framework/packages/stardust" }

dependencies = [
  { id = "Iota", name = "Iota" },
  { id = "MoveStdlib", name = "MoveStdlib" },
]

[[move.package]]
id = "iota_names"
source = { local = "../iota-names" }

dependencies = [
  { id = "Iota", name = "Iota" },
  { id = "IotaSystem", name = "IotaSystem" },
  { id = "MoveStdlib", name = "MoveStdlib" },
  { id = "Stardust", name = "Stardust" },
]

[move.toolchain-version]
compiler-version = "1.5.0-rc"
edition = "2024"
flavor = "iota"

[env]

[env.devnet]
chain-id = "e678123a"
original-published-id = "0x98b9b33b7c2347a8f4e8b8716fb4c7e6e1af846ec2ea063a47bba81ffe03b440"
latest-published-id = "0x98b9b33b7c2347a8f4e8b8716fb4c7e6e1af846ec2ea063a47bba81ffe03b440"
published-version = "1"

[env.testnet]
chain-id = "2304aa97"
original-published-id = "0x6b1b01f4c72786a893191d5c6e73d3012f7529f86fdee3bc8c163323cee08441"
latest-published-id = "0x6b1b01f4c72786a893191d5c6e73d3012f7529f86fdee3bc8c163323cee08441"
published-version = "1"

[env.mainnet]
chain-id = "6364aad5"
original-published-id = "0x53d3d37f00949a1baad95fa4fca0b3d0d70ff6121be316f9e46d37c2d29c71eb"
latest-published-id = "0x53d3d37f00949a1baad95fa4fca0b3d0d70ff6121be316f9e46d37c2d29c71eb"
published-version = "1"
