# @generated by Move, please check-in and do not edit manually.

[move]
version = 2
manifest_digest = "095F18DFC44B2D43CA3A8ED58883BA2F1E6E9BF317F6782737848AEA19D7FE40"
deps_digest = "3C4103934B1E040BB6B23F1D610B4EF9F2F1166A50A104EADCF77467C004C600"
dependencies = [
  { name = "Iota" },
  { name = "iotans" },
]

[[move.package]]
name = "Iota"
source = { local = "../../../iota/crates/iota-framework/packages/iota-framework" }

dependencies = [
  { name = "MoveStdlib" },
]

[[move.package]]
name = "MoveStdlib"
source = { local = "../../../iota/crates/iota-framework/packages/move-stdlib" }

[[move.package]]
name = "iotans"
source = { local = "../iotans" }

dependencies = [
  { name = "Iota" },
]

[move.toolchain-version]
compiler-version = "0.9.0-alpha"
edition = "2024.beta"
flavor = "iota"

[env]

[env.testnet]
chain-id = "4c78adac"
original-published-id = "0x689a2d65a9666921e73ad4d59d13fee0d4be5df1ab5c0eeda8e0f7ebecb6f1b7"
latest-published-id = "0x689a2d65a9666921e73ad4d59d13fee0d4be5df1ab5c0eeda8e0f7ebecb6f1b7"
published-version = "1"

[env.mainnet]
chain-id = "35834a8a"
original-published-id = "0x6d14ca3049be747ec87166e6dce5d0d9a30f3b3c281c55d6e518958a236f8b97"
latest-published-id = "0x6d14ca3049be747ec87166e6dce5d0d9a30f3b3c281c55d6e518958a236f8b97"
published-version = "1"
