# @generated by Move, please check-in and do not edit manually.

[move]
version = 3
manifest_digest = "156A83AC34F912B13093B6072EE51D325D2EBEE359158215F3D6B3864BCFD0FE"
deps_digest = "3C4103934B1E040BB6B23F1D610B4EF9F2F1166A50A104EADCF77467C004C600"
dependencies = [
  { id = "Iota", name = "Iota" },
  { id = "iota_names", name = "iota_names" },
]

[[move.package]]
id = "Iota"
source = { git = "https://github.com/iotaledger/iota.git", rev = "framework/testnet", subdir = "crates/iota-framework/packages/iota-framework" }

dependencies = [
  { id = "MoveStdlib", name = "MoveStdlib" },
]

[[move.package]]
id = "MoveStdlib"
source = { git = "https://github.com/iotaledger/iota.git", rev = "framework/testnet", subdir = "crates/iota-framework/packages/move-stdlib" }

[[move.package]]
id = "iota_names"
source = { local = "../iota-names" }

dependencies = [
  { id = "Iota", name = "Iota" },
]

[move.toolchain-version]
compiler-version = "1.2.2-rc"
edition = "2024"
flavor = "iota"

[env]

[env.localnet]
chain-id = "2d2fba3d"
original-published-id = "0x63b087faf63d952cece308e381052fa9415d4d22130beb927280ca35a528bbab"
latest-published-id = "0x63b087faf63d952cece308e381052fa9415d4d22130beb927280ca35a528bbab"
published-version = "1"
