# @generated by Move, please check-in and do not edit manually.

[move]
version = 3
manifest_digest = "03EFFDE5ABC96DF1DA4F0FB983C8A2D413159CD25D9C4D86F446D57801DAE4F3"
deps_digest = "397E6A9F7A624706DBDFEE056CE88391A15876868FD18A88504DA74EB458D697"
dependencies = [
  { id = "Iota", name = "Iota" },
  { id = "IotaSystem", name = "IotaSystem" },
  { id = "MoveStdlib", name = "MoveStdlib" },
  { id = "Stardust", name = "Stardust" },
  { id = "iota_names", name = "iota_names" },
]

[[move.package]]
id = "Iota"
source = { git = "https://github.com/iotaledger/iota.git", rev = "2544af4f4193cf0d67012a8fd20e7a401e8a8e2f", subdir = "crates/iota-framework/packages/iota-framework" }

dependencies = [
  { id = "MoveStdlib", name = "MoveStdlib" },
]

[[move.package]]
id = "IotaSystem"
source = { git = "https://github.com/iotaledger/iota.git", rev = "2544af4f4193cf0d67012a8fd20e7a401e8a8e2f", subdir = "crates/iota-framework/packages/iota-system" }

dependencies = [
  { id = "Iota", name = "Iota" },
  { id = "MoveStdlib", name = "MoveStdlib" },
]

[[move.package]]
id = "MoveStdlib"
source = { git = "https://github.com/iotaledger/iota.git", rev = "2544af4f4193cf0d67012a8fd20e7a401e8a8e2f", subdir = "crates/iota-framework/packages/move-stdlib" }

[[move.package]]
id = "Stardust"
source = { git = "https://github.com/iotaledger/iota.git", rev = "2544af4f4193cf0d67012a8fd20e7a401e8a8e2f", subdir = "crates/iota-framework/packages/stardust" }

dependencies = [
  { id = "Iota", name = "Iota" },
  { id = "MoveStdlib", name = "MoveStdlib" },
]

[[move.package]]
id = "iota_names"
source = { local = "../iota-names" }

dependencies = [
  { id = "Iota", name = "Iota" },
  { id = "IotaSystem", name = "IotaSystem" },
  { id = "MoveStdlib", name = "MoveStdlib" },
  { id = "Stardust", name = "Stardust" },
]

[move.toolchain-version]
compiler-version = "1.5.0-rc"
edition = "2024"
flavor = "iota"

[env]

[env.devnet]
chain-id = "daf90477"
original-published-id = "0x713ae60a97fab93d71efa2cb3429987b174904c7c6849feb740348ee79c77bb2"
latest-published-id = "0x713ae60a97fab93d71efa2cb3429987b174904c7c6849feb740348ee79c77bb2"
published-version = "1"

[env.testnet]
chain-id = "2304aa97"
original-published-id = "0xa7e4e483d79c245470d5eb3c285a4503a78d90a69d36e35e0993012f5c6137ca"
latest-published-id = "0xa7e4e483d79c245470d5eb3c285a4503a78d90a69d36e35e0993012f5c6137ca"
published-version = "1"

[env.mainnet]
chain-id = "6364aad5"
original-published-id = "0x6c16703f7b8fc1bfd90b0d412edf3dcc898787b51068eef28d7e38b454638f4e"
latest-published-id = "0x6c16703f7b8fc1bfd90b0d412edf3dcc898787b51068eef28d7e38b454638f4e"
published-version = "1"
