# @generated by Move, please check-in and do not edit manually.

[move]
version = 3
manifest_digest = "25977DDF0EC65C323D43F01EAE3583E8EF30DD33CDF7BB8368B5DE0401858F2E"
deps_digest = "397E6A9F7A624706DBDFEE056CE88391A15876868FD18A88504DA74EB458D697"
dependencies = [
  { id = "Iota", name = "Iota" },
  { id = "IotaSystem", name = "IotaSystem" },
  { id = "MoveStdlib", name = "MoveStdlib" },
  { id = "Stardust", name = "Stardust" },
  { id = "iota_names", name = "iota_names" },
]

[[move.package]]
id = "Iota"
source = { git = "https://github.com/iotaledger/iota.git", rev = "2544af4f4193cf0d67012a8fd20e7a401e8a8e2f", subdir = "crates/iota-framework/packages/iota-framework" }

dependencies = [
  { id = "MoveStdlib", name = "MoveStdlib" },
]

[[move.package]]
id = "IotaSystem"
source = { git = "https://github.com/iotaledger/iota.git", rev = "2544af4f4193cf0d67012a8fd20e7a401e8a8e2f", subdir = "crates/iota-framework/packages/iota-system" }

dependencies = [
  { id = "Iota", name = "Iota" },
  { id = "MoveStdlib", name = "MoveStdlib" },
]

[[move.package]]
id = "MoveStdlib"
source = { git = "https://github.com/iotaledger/iota.git", rev = "2544af4f4193cf0d67012a8fd20e7a401e8a8e2f", subdir = "crates/iota-framework/packages/move-stdlib" }

[[move.package]]
id = "Stardust"
source = { git = "https://github.com/iotaledger/iota.git", rev = "2544af4f4193cf0d67012a8fd20e7a401e8a8e2f", subdir = "crates/iota-framework/packages/stardust" }

dependencies = [
  { id = "Iota", name = "Iota" },
  { id = "MoveStdlib", name = "MoveStdlib" },
]

[[move.package]]
id = "iota_names"
source = { local = "../iota-names" }

dependencies = [
  { id = "Iota", name = "Iota" },
  { id = "IotaSystem", name = "IotaSystem" },
  { id = "MoveStdlib", name = "MoveStdlib" },
  { id = "Stardust", name = "Stardust" },
]

[move.toolchain-version]
compiler-version = "1.11.0-rc"
edition = "2024"
flavor = "iota"

[env]

[env.devnet]
chain-id = "e678123a"
original-published-id = "0x1efbf928710d0d92635dacff4c502516169d37fa006cabd2f3cdd0123221e09e"
latest-published-id = "0x33a55ad1d2c0b84a96837470c3a9ce2836e9bcb047daf2b3c8251b260227d850"
published-version = "2"

[env.testnet]
chain-id = "2304aa97"
original-published-id = "0xd06a5607cc762f2352eeeb8c86c7f962558a06c6023c1eec031a41651d898c87"
latest-published-id = "0x3d3139995f0050d31d1f32464df69fe4eff5c7b573adde97ffcb8cb37da33948"
published-version = "2"

[env.mainnet]
chain-id = "6364aad5"
original-published-id = "0x772859a9d860acc1e49905cf3bd4bedd932cf2a172c3802714dbea5b2acc6420"
latest-published-id = "0x772859a9d860acc1e49905cf3bd4bedd932cf2a172c3802714dbea5b2acc6420"
published-version = "1"
