# @generated by Move, please check-in and do not edit manually.

[move]
version = 3
manifest_digest = "BD65ECA23F2353F3E9AB83CC2D7C0DF3D2C21548C7F5AF4518CEDB5BD344618B"
deps_digest = "3C4103934B1E040BB6B23F1D610B4EF9F2F1166A50A104EADCF77467C004C600"
dependencies = [
  { id = "Iota", name = "Iota" },
  { id = "iota_names", name = "iota_names" },
]

[[move.package]]
id = "Iota"
source = { git = "https://github.com/iotaledger/iota.git", rev = "framework/testnet", subdir = "crates/iota-framework/packages/iota-framework" }

dependencies = [
  { id = "MoveStdlib", name = "MoveStdlib" },
]

[[move.package]]
id = "MoveStdlib"
source = { git = "https://github.com/iotaledger/iota.git", rev = "framework/testnet", subdir = "crates/iota-framework/packages/move-stdlib" }

[[move.package]]
id = "iota_names"
source = { local = "../iota-names" }

dependencies = [
  { id = "Iota", name = "Iota" },
]

[move.toolchain-version]
compiler-version = "1.1.0"
edition = "2024"
flavor = "iota"

[env]

[env.devnet]
chain-id = "e678123a"
original-published-id = "0x2e541b250f53d45e9b4cb866be2ab3d8815015a249a094e63b196cc184278925"
latest-published-id = "0x2e541b250f53d45e9b4cb866be2ab3d8815015a249a094e63b196cc184278925"
published-version = "1"
