# @generated by Move, please check-in and do not edit manually.

[move]
version = 2
manifest_digest = "6DADE361BD373702C74E827667014783E2FCDFBF7028BFB0C74E4389ADEBE455"
deps_digest = "060AD7E57DFB13104F21BE5F5C3759D03F0553FC3229247D9A7A6B45F50D03A3"
dependencies = [
  { name = "Iota" },
  { name = "subdomains" },
]

[[move.package]]
name = "Iota"
source = { git = "https://github.com/iotaledger/iota.git", rev = "framework/testnet", subdir = "crates/iota-framework/packages/iota-framework" }

dependencies = [
  { name = "MoveStdlib" },
]

[[move.package]]
name = "IotaNames"
source = { local = "../iota-names" }

dependencies = [
  { name = "Iota" },
]

[[move.package]]
name = "MoveStdlib"
source = { git = "https://github.com/iotaledger/iota.git", rev = "framework/testnet", subdir = "crates/iota-framework/packages/move-stdlib" }

[[move.package]]
name = "denylist"
source = { local = "../denylist" }

dependencies = [
  { name = "Iota" },
  { name = "IotaNames" },
]

[[move.package]]
name = "subdomains"
source = { local = "../subdomains" }

dependencies = [
  { name = "Iota" },
  { name = "IotaNames" },
  { name = "denylist" },
]

[[move.package]]
name = "utils"
source = { local = "../utils" }

dependencies = [
  { name = "Iota" },
  { name = "IotaNames" },
]
