# @generated by Move, please check-in and do not edit manually.

[move]
version = 3
manifest_digest = "676BFD8B4C716601931AC2975310FF250481B61EF9F3FCE7A7F1C53765665D13"
deps_digest = "F9B494B64F0615AED0E98FC12A85B85ECD2BC5185C22D30E7F67786BB52E507C"
dependencies = [
  { id = "Iota", name = "Iota" },
  { id = "IotaSystem", name = "IotaSystem" },
  { id = "MoveStdlib", name = "MoveStdlib" },
  { id = "Stardust", name = "Stardust" },
]

[[move.package]]
id = "Iota"
source = { git = "https://github.com/iotaledger/iota.git", rev = "2544af4f4193cf0d67012a8fd20e7a401e8a8e2f", subdir = "crates/iota-framework/packages/iota-framework" }

dependencies = [
  { id = "MoveStdlib", name = "MoveStdlib" },
]

[[move.package]]
id = "IotaSystem"
source = { git = "https://github.com/iotaledger/iota.git", rev = "2544af4f4193cf0d67012a8fd20e7a401e8a8e2f", subdir = "crates/iota-framework/packages/iota-system" }

dependencies = [
  { id = "Iota", name = "Iota" },
  { id = "MoveStdlib", name = "MoveStdlib" },
]

[[move.package]]
id = "MoveStdlib"
source = { git = "https://github.com/iotaledger/iota.git", rev = "2544af4f4193cf0d67012a8fd20e7a401e8a8e2f", subdir = "crates/iota-framework/packages/move-stdlib" }

[[move.package]]
id = "Stardust"
source = { git = "https://github.com/iotaledger/iota.git", rev = "2544af4f4193cf0d67012a8fd20e7a401e8a8e2f", subdir = "crates/iota-framework/packages/stardust" }

dependencies = [
  { id = "Iota", name = "Iota" },
  { id = "MoveStdlib", name = "MoveStdlib" },
]

[move.toolchain-version]
compiler-version = "1.11.0-rc"
edition = "2024"
flavor = "iota"

[env]

[env.devnet]
chain-id = "daf90477"
original-published-id = "0x742d00d422294ca697c53662f571f8dc328296d62db2211e2bd05a1857c13e06"
latest-published-id = "0x742d00d422294ca697c53662f571f8dc328296d62db2211e2bd05a1857c13e06"
published-version = "1"

[env.testnet]
chain-id = "2304aa97"
original-published-id = "0x7fff6e95f385349bec98d17121ab2bfa3e134f2f0b1ccefc270313415f7835ea"
latest-published-id = "0x7aec8176867a0c8d2803d758ebf98226d301ef0f00393879ea718f6bd1554f16"
published-version = "2"

[env.mainnet]
chain-id = "6364aad5"
original-published-id = "0x6d2c743607ef275bd6934fe5c2a7e5179cca6fbd2049cfa79de2310b74f3cf83"
latest-published-id = "0x6d2c743607ef275bd6934fe5c2a7e5179cca6fbd2049cfa79de2310b74f3cf83"
published-version = "1"