# @generated by Move, please check-in and do not edit manually.

[move]
version = 3
manifest_digest = "98F190D163DFBC1CB48617BE0A3E63B5AD2FB21CEF19870B712C228F8ECBE984"
deps_digest = "F8BBB0CCB2491CA29A3DF03D6F92277A4F3574266507ACD77214D37ECA3F3082"
dependencies = [
  { id = "Iota", name = "Iota" },
]

[[move.package]]
id = "Iota"
source = { git = "https://github.com/iotaledger/iota.git", rev = "framework/testnet", subdir = "crates/iota-framework/packages/iota-framework" }

dependencies = [
  { id = "MoveStdlib", name = "MoveStdlib" },
]

[[move.package]]
id = "MoveStdlib"
source = { git = "https://github.com/iotaledger/iota.git", rev = "framework/testnet", subdir = "crates/iota-framework/packages/move-stdlib" }

[move.toolchain-version]
compiler-version = "1.2.2-rc"
edition = "2024"
flavor = "iota"

[env]

[env.devnet]
chain-id = "e678123a"
original-published-id = "0xb9d617f24c84826bf660a2f4031951678cc80c264aebc4413459fb2a95ada9ba"
latest-published-id = "0xb9d617f24c84826bf660a2f4031951678cc80c264aebc4413459fb2a95ada9ba"
published-version = "1"
