# @generated by Move, please check-in and do not edit manually.

[move]
version = 0
manifest_digest = "3F09433E5B93E12A719E42C74F67DFE4BC558981B04CB57B6F4C09EE3E739CEA"
deps_digest = "060AD7E57DFB13104F21BE5F5C3759D03F0553FC3229247D9A7A6B45F50D03A3"

dependencies = [
  { name = "Iota" },
  { name = "day_one" },
  { name = "iotans" },
]

[[move.package]]
name = "Iota"
source = { local = "../../../iota/crates/iota-framework/packages/iota-framework" }

dependencies = [
  { name = "MoveStdlib" },
]

[[move.package]]
name = "MoveStdlib"
source = { local = "../../../iota/crates/iota-framework/packages/move-stdlib" }

[[move.package]]
name = "day_one"
source = { local = "../day_one" }

dependencies = [
  { name = "Iota" },
  { name = "iotans" },
]

[[move.package]]
name = "iotans"
source = { local = "../iotans" }

dependencies = [
  { name = "Iota" },
]

[move.toolchain-version]
compiler-version = "0.9.0-alpha"
edition = "2024.beta"
flavor = "iota"
