# @generated by Move, please check-in and do not edit manually.

[move]
version = 2
manifest_digest = "3F78D4CA59947510BAEABDAECAA7D0658B39C1122958908C523E0203AC09FAB7"
deps_digest = "060AD7E57DFB13104F21BE5F5C3759D03F0553FC3229247D9A7A6B45F50D03A3"
dependencies = [
  { name = "Iota" },
  { name = "IotaNames" },
  { name = "denylist" },
]

[[move.package]]
name = "Iota"
source = { git = "https://github.com/iotaledger/iota.git", rev = "framework/mainnet", subdir = "crates/iota-framework/packages/iota-framework" }

dependencies = [
  { name = "MoveStdlib" },
]

[[move.package]]
name = "IotaNames"
source = { local = "../iota-names" }

dependencies = [
  { name = "Iota" },
]

[[move.package]]
name = "MoveStdlib"
source = { git = "https://github.com/iotaledger/iota.git", rev = "framework/testnet", subdir = "crates/iota-framework/packages/move-stdlib" }

[[move.package]]
name = "denylist"
source = { local = "../denylist" }

dependencies = [
  { name = "Iota" },
  { name = "IotaNames" },
]

[move.toolchain-version]
compiler-version = "0.9.2-rc"
edition = "2024.beta"
flavor = "iota"
