# @generated by Move, please check-in and do not edit manually.

[move]
version = 2
manifest_digest = "EB6B8ED08F50E05BA4E692C80EF1F352780BB1481EE9A4AA2BC919E8ABB28B5F"
deps_digest = "060AD7E57DFB13104F21BE5F5C3759D03F0553FC3229247D9A7A6B45F50D03A3"
dependencies = [
  { name = "Iota" },
  { name = "denylist" },
  { name = "iotans" },
]

[[move.package]]
name = "Iota"
source = { local = "../../../iota/crates/iota-framework/packages/iota-framework" }

dependencies = [
  { name = "MoveStdlib" },
]

[[move.package]]
name = "MoveStdlib"
source = { local = "../../../iota/crates/iota-framework/packages/move-stdlib" }

[[move.package]]
name = "denylist"
source = { local = "../denylist" }

dependencies = [
  { name = "Iota" },
  { name = "iotans" },
]

[[move.package]]
name = "iotans"
source = { local = "../iotans" }

dependencies = [
  { name = "Iota" },
]

[move.toolchain-version]
compiler-version = "0.9.0-alpha"
edition = "2024.beta"
flavor = "iota"
