# @generated by Move, please check-in and do not edit manually.

[move]
version = 3
manifest_digest = "606DC1271E2D5F5C03507E6EF91C3B6B3F19D21699CD659A7426BEF5843378B6"
deps_digest = "060AD7E57DFB13104F21BE5F5C3759D03F0553FC3229247D9A7A6B45F50D03A3"
dependencies = [
  { id = "Iota", name = "Iota" },
  { id = "IotaNames", name = "IotaNames" },
  { id = "denylist", name = "denylist" },
]

[[move.package]]
id = "Iota"
source = { git = "https://github.com/iotaledger/iota.git", rev = "framework/testnet", subdir = "crates/iota-framework/packages/iota-framework" }

dependencies = [
  { id = "MoveStdlib", name = "MoveStdlib" },
]

[[move.package]]
id = "IotaNames"
source = { local = "../iota-names" }

dependencies = [
  { id = "Iota", name = "Iota" },
]

[[move.package]]
id = "MoveStdlib"
source = { git = "https://github.com/iotaledger/iota.git", rev = "framework/testnet", subdir = "crates/iota-framework/packages/move-stdlib" }

[[move.package]]
id = "denylist"
source = { local = "../denylist" }

dependencies = [
  { id = "Iota", name = "Iota" },
  { id = "IotaNames", name = "IotaNames" },
]

[move.toolchain-version]
compiler-version = "0.10.0-alpha"
edition = "2024.beta"
flavor = "iota"
