# @generated by Move, please check-in and do not edit manually.

[move]
version = 3
manifest_digest = "DA52FBC7E633DE36D432F70A2EF8542F73DE83464C59697265A6214C4A8D0694"
deps_digest = "3C4103934B1E040BB6B23F1D610B4EF9F2F1166A50A104EADCF77467C004C600"
dependencies = [
  { id = "Iota", name = "Iota" },
  { id = "IotaNames", name = "IotaNames" },
]

[[move.package]]
id = "Iota"
source = { git = "https://github.com/iotaledger/iota.git", rev = "framework/testnet", subdir = "crates/iota-framework/packages/iota-framework" }

dependencies = [
  { id = "MoveStdlib", name = "MoveStdlib" },
]

[[move.package]]
id = "IotaNames"
source = { local = "../iota-names" }

dependencies = [
  { id = "Iota", name = "Iota" },
]

[[move.package]]
id = "MoveStdlib"
source = { git = "https://github.com/iotaledger/iota.git", rev = "framework/testnet", subdir = "crates/iota-framework/packages/move-stdlib" }

[move.toolchain-version]
compiler-version = "0.12.0-rc"
edition = "2024"
flavor = "iota"
