# @generated by Move, please check-in and do not edit manually.

[move]
version = 3
manifest_digest = "EC3D2C53B6B7FB8F0FE59559D710BEF50BD8F08C7C2F3468E69AD266A324A14B"
deps_digest = "3C4103934B1E040BB6B23F1D610B4EF9F2F1166A50A104EADCF77467C004C600"
dependencies = [
  { id = "Iota", name = "Iota" },
  { id = "IotaNames", name = "IotaNames" },
]

[[move.package]]
id = "Iota"
source = { git = "https://github.com/iotaledger/iota.git", rev = "framework/testnet", subdir = "crates/iota-framework/packages/iota-framework" }

dependencies = [
  { id = "MoveStdlib", name = "MoveStdlib" },
]

[[move.package]]
id = "IotaNames"
source = { local = "../iota-names" }

dependencies = [
  { id = "Iota", name = "Iota" },
]

[[move.package]]
id = "MoveStdlib"
source = { git = "https://github.com/iotaledger/iota.git", rev = "framework/testnet", subdir = "crates/iota-framework/packages/move-stdlib" }

[move.toolchain-version]
compiler-version = "0.10.0-alpha"
edition = "2024.beta"
flavor = "iota"
