# @generated by Move, please check-in and do not edit manually.

[move]
version = 3
manifest_digest = "A4E8DCC5F8A4A0A1BA6284A0C915E0422EC0EAD0A02A7650DEE7716C33E014B0"
deps_digest = "397E6A9F7A624706DBDFEE056CE88391A15876868FD18A88504DA74EB458D697"
dependencies = [
  { id = "Iota", name = "Iota" },
  { id = "IotaSystem", name = "IotaSystem" },
  { id = "MoveStdlib", name = "MoveStdlib" },
  { id = "Stardust", name = "Stardust" },
  { id = "iota_names", name = "iota_names" },
]

[[move.package]]
id = "Iota"
source = { git = "https://github.com/iotaledger/iota.git", rev = "2544af4f4193cf0d67012a8fd20e7a401e8a8e2f", subdir = "crates/iota-framework/packages/iota-framework" }

dependencies = [
  { id = "MoveStdlib", name = "MoveStdlib" },
]

[[move.package]]
id = "IotaSystem"
source = { git = "https://github.com/iotaledger/iota.git", rev = "2544af4f4193cf0d67012a8fd20e7a401e8a8e2f", subdir = "crates/iota-framework/packages/iota-system" }

dependencies = [
  { id = "Iota", name = "Iota" },
  { id = "MoveStdlib", name = "MoveStdlib" },
]

[[move.package]]
id = "MoveStdlib"
source = { git = "https://github.com/iotaledger/iota.git", rev = "2544af4f4193cf0d67012a8fd20e7a401e8a8e2f", subdir = "crates/iota-framework/packages/move-stdlib" }

[[move.package]]
id = "Stardust"
source = { git = "https://github.com/iotaledger/iota.git", rev = "2544af4f4193cf0d67012a8fd20e7a401e8a8e2f", subdir = "crates/iota-framework/packages/stardust" }

dependencies = [
  { id = "Iota", name = "Iota" },
  { id = "MoveStdlib", name = "MoveStdlib" },
]

[[move.package]]
id = "iota_names"
source = { local = "../iota-names" }

dependencies = [
  { id = "Iota", name = "Iota" },
  { id = "IotaSystem", name = "IotaSystem" },
  { id = "MoveStdlib", name = "MoveStdlib" },
  { id = "Stardust", name = "Stardust" },
]

[move.toolchain-version]
compiler-version = "1.5.0-rc"
edition = "2024"
flavor = "iota"

[env]

[env.devnet]
chain-id = "daf90477"
original-published-id = "0xf72b8a015c295a4ba2b531b24403330ce5534035aa7cc33e6bcd172a6701793e"
latest-published-id = "0xf72b8a015c295a4ba2b531b24403330ce5534035aa7cc33e6bcd172a6701793e"
published-version = "1"

[env.testnet]
chain-id = "2304aa97"
original-published-id = "0x6f727ea576a00036657fff0ae3a6d7c8171b178bf35112d6b83b2a6272cc5f0d"
latest-published-id = "0x6f727ea576a00036657fff0ae3a6d7c8171b178bf35112d6b83b2a6272cc5f0d"
published-version = "1"

[env.mainnet]
chain-id = "6364aad5"
original-published-id = "0x7f58de1c1a2664390d410382c8958098374baa0c6a937e2faac21ea783fe6824"
latest-published-id = "0x7f58de1c1a2664390d410382c8958098374baa0c6a937e2faac21ea783fe6824"
published-version = "1"