# @generated by Move, please check-in and do not edit manually.

[move]
version = 2
manifest_digest = "BFF21CE5E333A7A83E49261FC9806E19E9567DC95E1E7B85255F33D695DC0EB4"
deps_digest = "3C4103934B1E040BB6B23F1D610B4EF9F2F1166A50A104EADCF77467C004C600"
dependencies = [
  { name = "Iota" },
  { name = "iotans" },
]

[[move.package]]
name = "Iota"
source = { local = "../../../iota/crates/iota-framework/packages/iota-framework" }

dependencies = [
  { name = "MoveStdlib" },
]

[[move.package]]
name = "MoveStdlib"
source = { local = "../../../iota/crates/iota-framework/packages/move-stdlib" }

[[move.package]]
name = "iotans"
source = { local = "../iotans" }

dependencies = [
  { name = "Iota" },
]

[move.toolchain-version]
compiler-version = "0.9.0-alpha"
edition = "2024.beta"
flavor = "iota"

[env]

[env.devnet]
chain-id = "e678123a"
original-published-id = "0xb36ffc6dc23c02dd237300ce83f3b5343f766c1bcb735e80b656f0a5bc910254"
latest-published-id = "0xb36ffc6dc23c02dd237300ce83f3b5343f766c1bcb735e80b656f0a5bc910254"
published-version = "1"
