# @generated by Move, please check-in and do not edit manually.

[move]
version = 3
manifest_digest = "342DC9E1C467B283E991E9C5C69A3EF7C5D07CE99EC84CD5DFECB1F1A31B70F0"
deps_digest = "3C4103934B1E040BB6B23F1D610B4EF9F2F1166A50A104EADCF77467C004C600"
dependencies = [
  { id = "Iota", name = "Iota" },
  { id = "iota_names", name = "iota_names" },
]

[[move.package]]
id = "Iota"
source = { git = "https://github.com/iotaledger/iota.git", rev = "framework/testnet", subdir = "crates/iota-framework/packages/iota-framework" }

dependencies = [
  { id = "MoveStdlib", name = "MoveStdlib" },
]

[[move.package]]
id = "MoveStdlib"
source = { git = "https://github.com/iotaledger/iota.git", rev = "framework/testnet", subdir = "crates/iota-framework/packages/move-stdlib" }

[[move.package]]
id = "iota_names"
source = { local = "../iota-names" }

dependencies = [
  { id = "Iota", name = "Iota" },
]

[move.toolchain-version]
compiler-version = "0.12.0-rc"
edition = "2024"
flavor = "iota"

[env]

[env.devnet]
chain-id = "e678123a"
original-published-id = "0xe2d9b88ccfd3c752152873385e3da7d2d849e0bd98e91db68e7bd16e41fe8345"
latest-published-id = "0xe2d9b88ccfd3c752152873385e3da7d2d849e0bd98e91db68e7bd16e41fe8345"
published-version = "1"
