# @generated by Move, please check-in and do not edit manually.

[move]
version = 0
manifest_digest = "DC5BDAA7F336959A1222B2AA5DC875E06AB28CFC5DB22025281DD4A2C18483C0"
deps_digest = "3C4103934B1E040BB6B23F1D610B4EF9F2F1166A50A104EADCF77467C004C600"

dependencies = [
  { name = "Iota" },
  { name = "iotans" },
]

[[move.package]]
name = "Iota"
source = { local = "../../../iota/crates/iota-framework/packages/iota-framework" }

dependencies = [
  { name = "MoveStdlib" },
]

[[move.package]]
name = "MoveStdlib"
source = { local = "../../../iota/crates/iota-framework/packages/move-stdlib" }

[[move.package]]
name = "iotans"
source = { local = "../iotans" }

dependencies = [
  { name = "Iota" },
]

[move.toolchain-version]
compiler-version = "0.9.0-alpha"
edition = "2024.beta"
flavor = "iota"
