# @generated by Move, please check-in and do not edit manually.

[move]
version = 0
manifest_digest = "4BDA48CE2E578FF3E073CD35EB827A7AABCF94CA7DF344A23FE7089B277E4B9D"
deps_digest = "F9B494B64F0615AED0E98FC12A85B85ECD2BC5185C22D30E7F67786BB52E507C"

dependencies = [
  { name = "Iota" },
  { name = "IotaNames" },
  { name = "registration" },
  { name = "renewal" },
]

[[move.package]]
name = "Iota"
source = { git = "https://github.com/iotaledger/iota.git", rev = "framework/mainnet", subdir = "crates/iota-framework/packages/iota-framework" }

dependencies = [
  { name = "MoveStdlib" },
]

[[move.package]]
name = "IotaNames"
source = { local = "../iota-names" }

dependencies = [
  { name = "Iota" },
]

[[move.package]]
name = "MoveStdlib"
source = { git = "https://github.com/iotaledger/iota.git", rev = "framework/mainnet", subdir = "crates/iota-framework/packages/move-stdlib" }

[[move.package]]
name = "registration"
source = { local = "../registration" }

dependencies = [
  { name = "Iota" },
  { name = "IotaNames" },
]

[[move.package]]
name = "renewal"
source = { local = "../renewal" }

dependencies = [
  { name = "Iota" },
  { name = "IotaNames" },
]

[move.toolchain-version]
compiler-version = "0.9.2-rc"
edition = "2024.beta"
flavor = "iota"
