# @generated by Move, please check-in and do not edit manually.

[move]
version = 3
manifest_digest = "2CD61DAF293B35F9B41B66DB5435792B0D837FEFD78CF29AFA48E01E88FFA036"
deps_digest = "3C4103934B1E040BB6B23F1D610B4EF9F2F1166A50A104EADCF77467C004C600"
dependencies = [
  { id = "Iota", name = "Iota" },
  { id = "iota_names_subnames", name = "iota_names_subnames" },
]

[[move.package]]
id = "Iota"
source = { git = "https://github.com/iotaledger/iota.git", rev = "framework/testnet", subdir = "crates/iota-framework/packages/iota-framework" }

dependencies = [
  { id = "MoveStdlib", name = "MoveStdlib" },
]

[[move.package]]
id = "MoveStdlib"
source = { git = "https://github.com/iotaledger/iota.git", rev = "framework/testnet", subdir = "crates/iota-framework/packages/move-stdlib" }

[[move.package]]
id = "iota_names"
source = { local = "../iota-names" }

dependencies = [
  { id = "Iota", name = "Iota" },
]

[[move.package]]
id = "iota_names_deny_list"
source = { local = "../deny-list" }

dependencies = [
  { id = "Iota", name = "Iota" },
  { id = "iota_names", name = "iota_names" },
]

[[move.package]]
id = "iota_names_subnames"
source = { local = "../subnames" }

dependencies = [
  { id = "Iota", name = "Iota" },
  { id = "iota_names", name = "iota_names" },
  { id = "iota_names_deny_list", name = "iota_names_deny_list" },
]

[move.toolchain-version]
compiler-version = "1.2.2-rc"
edition = "2024"
flavor = "iota"

[env]

[env.devnet]
chain-id = "e678123a"
original-published-id = "0x3f2927e8e78a094bb98271fd73e06a3aa056edfecbf32dddb8a65d30de9b8a3f"
latest-published-id = "0x3f2927e8e78a094bb98271fd73e06a3aa056edfecbf32dddb8a65d30de9b8a3f"
published-version = "1"
