# @generated by Move, please check-in and do not edit manually.

[move]
version = 3
manifest_digest = "966529877AD5BFF84B825D41499A26ADB1C1E39DBDFE754F9C81888B3338DE41"
deps_digest = "397E6A9F7A624706DBDFEE056CE88391A15876868FD18A88504DA74EB458D697"
dependencies = [
  { id = "Iota", name = "Iota" },
  { id = "IotaSystem", name = "IotaSystem" },
  { id = "MoveStdlib", name = "MoveStdlib" },
  { id = "Stardust", name = "Stardust" },
  { id = "iota_names_subnames", name = "iota_names_subnames" },
]

[[move.package]]
id = "Iota"
source = { git = "https://github.com/iotaledger/iota.git", rev = "2544af4f4193cf0d67012a8fd20e7a401e8a8e2f", subdir = "crates/iota-framework/packages/iota-framework" }

dependencies = [
  { id = "MoveStdlib", name = "MoveStdlib" },
]

[[move.package]]
id = "IotaSystem"
source = { git = "https://github.com/iotaledger/iota.git", rev = "2544af4f4193cf0d67012a8fd20e7a401e8a8e2f", subdir = "crates/iota-framework/packages/iota-system" }

dependencies = [
  { id = "Iota", name = "Iota" },
  { id = "MoveStdlib", name = "MoveStdlib" },
]

[[move.package]]
id = "MoveStdlib"
source = { git = "https://github.com/iotaledger/iota.git", rev = "2544af4f4193cf0d67012a8fd20e7a401e8a8e2f", subdir = "crates/iota-framework/packages/move-stdlib" }

[[move.package]]
id = "Stardust"
source = { git = "https://github.com/iotaledger/iota.git", rev = "2544af4f4193cf0d67012a8fd20e7a401e8a8e2f", subdir = "crates/iota-framework/packages/stardust" }

dependencies = [
  { id = "Iota", name = "Iota" },
  { id = "MoveStdlib", name = "MoveStdlib" },
]

[[move.package]]
id = "iota_names"
source = { local = "../iota-names" }

dependencies = [
  { id = "Iota", name = "Iota" },
  { id = "IotaSystem", name = "IotaSystem" },
  { id = "MoveStdlib", name = "MoveStdlib" },
  { id = "Stardust", name = "Stardust" },
]

[[move.package]]
id = "iota_names_subnames"
source = { local = "../subnames" }

dependencies = [
  { id = "Iota", name = "Iota" },
  { id = "IotaSystem", name = "IotaSystem" },
  { id = "MoveStdlib", name = "MoveStdlib" },
  { id = "Stardust", name = "Stardust" },
  { id = "iota_names", name = "iota_names" },
]

[move.toolchain-version]
compiler-version = "1.5.0-rc"
edition = "2024"
flavor = "iota"

[env]

[env.devnet]
chain-id = "e678123a"
original-published-id = "0x4a16b7b2a9c194989519c87ee3f1d1007ece8aecb62b9a50a4c10075db0591a3"
latest-published-id = "0x4a16b7b2a9c194989519c87ee3f1d1007ece8aecb62b9a50a4c10075db0591a3"
published-version = "1"

[env.testnet]
chain-id = "2304aa97"
original-published-id = "0x7f34c135e55e5b436b3feaad369eabfe5b6d14c0c57544fefb6921db047e8cbc"
latest-published-id = "0x7f34c135e55e5b436b3feaad369eabfe5b6d14c0c57544fefb6921db047e8cbc"
published-version = "1"

[env.mainnet]
chain-id = "6364aad5"
original-published-id = "0x868e32df312bd642086e4745c1d05aaafc1a51d0e001a7be399e3894a6714b9f"
latest-published-id = "0x868e32df312bd642086e4745c1d05aaafc1a51d0e001a7be399e3894a6714b9f"
published-version = "1"
